
Microsoft Visual Studio Solution File, Format Version 12.00
# Visual Studio Version 16
VisualStudioVersion = 16.0.30804.86
MinimumVisualStudioVersion = 10.0.40219.1
Project("{FAE04EC0-301F-11D3-BF4B-00C04F79EFBC}") = "StarlightLagger", "StarlightLagger\StarlightLagger.csproj", "{0DBC6DA3-EAFF-453B-96A9-43B14CCFABED}"
EndProject
Global
	GlobalSection(SolutionConfigurationPlatforms) = preSolution
		Debug|Any CPU = Debug|Any CPU
		Release|Any CPU = Release|Any CPU
	EndGlobalSection
	GlobalSection(ProjectConfigurationPlatforms) = postSolution
		{0DBC6DA3-EAFF-453B-96A9-43B14CCFABED}.Debug|Any CPU.ActiveCfg = Debug|Any CPU
		{0DBC6DA3-EAFF-453B-96A9-43B14CCFABED}.Debug|Any CPU.Build.0 = Debug|Any CPU
		{0DBC6DA3-EAFF-453B-96A9-43B14CCFABED}.Release|Any CPU.ActiveCfg = Release|Any CPU
		{0DBC6DA3-EAFF-453B-96A9-43B14CCFABED}.Release|Any CPU.Build.0 = Release|Any CPU
	EndGlobalSection
	GlobalSection(SolutionProperties) = preSolution
		HideSolutionNode = FALSE
	EndGlobalSection
	GlobalSection(ExtensibilityGlobals) = postSolution
		SolutionGuid = {68C75081-4247-43FA-8E44-B302098305B9}
	EndGlobalSection
EndGlobal
